{
  "dependencies": {
    "rimraf": {
      "version": "2.2.8",
      "resolved": "https://registry.npmjs.org/rimraf/-/rimraf-2.2.8.tgz",
      "from": "rimraf@>=2.2.6 <2.3.0"
    },
    "temp": {
      "version": "0.7.0",
      "resolved": "https://registry.npmjs.org/temp/-/temp-0.7.0.tgz",
      "from": "temp@0.7.0"
    }
  }
}
